
Microsoft Visual Studio Solution File, Format Version 12.00
# Visual Studio Version 17
VisualStudioVersion = 17.4.33205.214
MinimumVisualStudioVersion = 10.0.40219.1
Project("{9A19103F-16F7-4668-BE54-9A1E7A4F7556}") = "EasyIotSharp.API", "EasyIotSharp.API\EasyIotSharp.API.csproj", "{B95A2154-DA54-4D56-8FF6-BAF66DE5B327}"
EndProject
Project("{FAE04EC0-301F-11D3-BF4B-00C04F79EFBC}") = "EasyIotSharp.Application", "EastIotSharp.Application\EasyIotSharp.Application.csproj", "{03EDF84D-7855-4A6D-AFA8-0944A23C3DD9}"
EndProject
Project("{FAE04EC0-301F-11D3-BF4B-00C04F79EFBC}") = "EasyIotSharp.Infrastructure", "EasyIotSharp.Infrastructure\EasyIotSharp.Infrastructure.csproj", "{951180DD-6288-425B-BCE3-C8EE5FAE008E}"
EndProject
Project("{FAE04EC0-301F-11D3-BF4B-00C04F79EFBC}") = "EasyIotSharp.Domain", "EasyIotSharp.Domain\EasyIotSharp.Domain.csproj", "{DA3C8930-0BC3-450F-9A9A-8CEBC992F242}"
EndProject
Global
	GlobalSection(SolutionConfigurationPlatforms) = preSolution
		Debug|Any CPU = Debug|Any CPU
		Release|Any CPU = Release|Any CPU
	EndGlobalSection
	GlobalSection(ProjectConfigurationPlatforms) = postSolution
		{B95A2154-DA54-4D56-8FF6-BAF66DE5B327}.Debug|Any CPU.ActiveCfg = Debug|Any CPU
		{B95A2154-DA54-4D56-8FF6-BAF66DE5B327}.Debug|Any CPU.Build.0 = Debug|Any CPU
		{B95A2154-DA54-4D56-8FF6-BAF66DE5B327}.Release|Any CPU.ActiveCfg = Release|Any CPU
		{B95A2154-DA54-4D56-8FF6-BAF66DE5B327}.Release|Any CPU.Build.0 = Release|Any CPU
		{03EDF84D-7855-4A6D-AFA8-0944A23C3DD9}.Debug|Any CPU.ActiveCfg = Debug|Any CPU
		{03EDF84D-7855-4A6D-AFA8-0944A23C3DD9}.Debug|Any CPU.Build.0 = Debug|Any CPU
		{03EDF84D-7855-4A6D-AFA8-0944A23C3DD9}.Release|Any CPU.ActiveCfg = Release|Any CPU
		{03EDF84D-7855-4A6D-AFA8-0944A23C3DD9}.Release|Any CPU.Build.0 = Release|Any CPU
		{951180DD-6288-425B-BCE3-C8EE5FAE008E}.Debug|Any CPU.ActiveCfg = Debug|Any CPU
		{951180DD-6288-425B-BCE3-C8EE5FAE008E}.Debug|Any CPU.Build.0 = Debug|Any CPU
		{951180DD-6288-425B-BCE3-C8EE5FAE008E}.Release|Any CPU.ActiveCfg = Release|Any CPU
		{951180DD-6288-425B-BCE3-C8EE5FAE008E}.Release|Any CPU.Build.0 = Release|Any CPU
		{DA3C8930-0BC3-450F-9A9A-8CEBC992F242}.Debug|Any CPU.ActiveCfg = Debug|Any CPU
		{DA3C8930-0BC3-450F-9A9A-8CEBC992F242}.Debug|Any CPU.Build.0 = Debug|Any CPU
		{DA3C8930-0BC3-450F-9A9A-8CEBC992F242}.Release|Any CPU.ActiveCfg = Release|Any CPU
		{DA3C8930-0BC3-450F-9A9A-8CEBC992F242}.Release|Any CPU.Build.0 = Release|Any CPU
	EndGlobalSection
	GlobalSection(SolutionProperties) = preSolution
		HideSolutionNode = FALSE
	EndGlobalSection
	GlobalSection(ExtensibilityGlobals) = postSolution
		SolutionGuid = {7D3AD51C-D4D6-47FF-88DC-7D5DFFC97774}
	EndGlobalSection
EndGlobal
